
Microsoft Visual Studio Solution File, Format Version 12.00
# Visual Studio 15
VisualStudioVersion = 15.0.28307.1082
MinimumVisualStudioVersion = 10.0.40219.1
Project("{FAE04EC0-301F-11D3-BF4B-00C04F79EFBC}") = "EmployeeService", "EmployeeService\EmployeeService.csproj", "{2A5E246C-4EBA-416D-A65D-C9D2DD26F6C2}"
EndProject
Project("{FAE04EC0-301F-11D3-BF4B-00C04F79EFBC}") = "EmployeeDataAccess", "..\EmployeeDataAccess\EmployeeDataAccess.csproj", "{DDE7C82B-D280-4D07-95D0-A5DC6CE3E723}"
EndProject
Global
	GlobalSection(SolutionConfigurationPlatforms) = preSolution
		Debug|Any CPU = Debug|Any CPU
		Debug|x64 = Debug|x64
		Release|Any CPU = Release|Any CPU
		Release|x64 = Release|x64
	EndGlobalSection
	GlobalSection(ProjectConfigurationPlatforms) = postSolution
		{2A5E246C-4EBA-416D-A65D-C9D2DD26F6C2}.Debug|Any CPU.ActiveCfg = Debug|Any CPU
		{2A5E246C-4EBA-416D-A65D-C9D2DD26F6C2}.Debug|Any CPU.Build.0 = Debug|Any CPU
		{2A5E246C-4EBA-416D-A65D-C9D2DD26F6C2}.Debug|x64.ActiveCfg = Debug|Any CPU
		{2A5E246C-4EBA-416D-A65D-C9D2DD26F6C2}.Debug|x64.Build.0 = Debug|Any CPU
		{2A5E246C-4EBA-416D-A65D-C9D2DD26F6C2}.Release|Any CPU.ActiveCfg = Release|Any CPU
		{2A5E246C-4EBA-416D-A65D-C9D2DD26F6C2}.Release|Any CPU.Build.0 = Release|Any CPU
		{2A5E246C-4EBA-416D-A65D-C9D2DD26F6C2}.Release|x64.ActiveCfg = Release|Any CPU
		{2A5E246C-4EBA-416D-A65D-C9D2DD26F6C2}.Release|x64.Build.0 = Release|Any CPU
		{DDE7C82B-D280-4D07-95D0-A5DC6CE3E723}.Debug|Any CPU.ActiveCfg = Debug|Any CPU
		{DDE7C82B-D280-4D07-95D0-A5DC6CE3E723}.Debug|Any CPU.Build.0 = Debug|Any CPU
		{DDE7C82B-D280-4D07-95D0-A5DC6CE3E723}.Debug|x64.ActiveCfg = Debug|Any CPU
		{DDE7C82B-D280-4D07-95D0-A5DC6CE3E723}.Debug|x64.Build.0 = Debug|Any CPU
		{DDE7C82B-D280-4D07-95D0-A5DC6CE3E723}.Release|Any CPU.ActiveCfg = Release|Any CPU
		{DDE7C82B-D280-4D07-95D0-A5DC6CE3E723}.Release|Any CPU.Build.0 = Release|Any CPU
		{DDE7C82B-D280-4D07-95D0-A5DC6CE3E723}.Release|x64.ActiveCfg = Release|x64
		{DDE7C82B-D280-4D07-95D0-A5DC6CE3E723}.Release|x64.Build.0 = Release|x64
	EndGlobalSection
	GlobalSection(SolutionProperties) = preSolution
		HideSolutionNode = FALSE
	EndGlobalSection
	GlobalSection(ExtensibilityGlobals) = postSolution
		SolutionGuid = {AB756BC2-9E39-4FC4-8272-376FE1CA1B42}
	EndGlobalSection
EndGlobal
